
Microsoft Visual Studio Solution File, Format Version 12.00
# Visual Studio Version 16
VisualStudioVersion = 16.6.30114.105
MinimumVisualStudioVersion = 10.0.40219.1
Project("{FAE04EC0-301F-11D3-BF4B-00C04F79EFBC}") = "API", "API\API.csproj", "{26DA664E-1611-41BA-AD16-CC73D708FFAE}"
EndProject
Project("{FAE04EC0-301F-11D3-BF4B-00C04F79EFBC}") = "Core", "Core\Core.csproj", "{88F9841D-2FDA-435E-A4F6-DF72F4AA6606}"
EndProject
Project("{FAE04EC0-301F-11D3-BF4B-00C04F79EFBC}") = "Infrastructure", "Infrastructure\Infrastructure.csproj", "{044C03A7-A16B-4518-82A5-DD58372A2012}"
EndProject
Global
	GlobalSection(SolutionConfigurationPlatforms) = preSolution
		Debug|Any CPU = Debug|Any CPU
		Debug|x64 = Debug|x64
		Debug|x86 = Debug|x86
		Release|Any CPU = Release|Any CPU
		Release|x64 = Release|x64
		Release|x86 = Release|x86
	EndGlobalSection
	GlobalSection(SolutionProperties) = preSolution
		HideSolutionNode = FALSE
	EndGlobalSection
	GlobalSection(ProjectConfigurationPlatforms) = postSolution
		{26DA664E-1611-41BA-AD16-CC73D708FFAE}.Debug|Any CPU.ActiveCfg = Debug|Any CPU
		{26DA664E-1611-41BA-AD16-CC73D708FFAE}.Debug|Any CPU.Build.0 = Debug|Any CPU
		{26DA664E-1611-41BA-AD16-CC73D708FFAE}.Debug|x64.ActiveCfg = Debug|Any CPU
		{26DA664E-1611-41BA-AD16-CC73D708FFAE}.Debug|x64.Build.0 = Debug|Any CPU
		{26DA664E-1611-41BA-AD16-CC73D708FFAE}.Debug|x86.ActiveCfg = Debug|Any CPU
		{26DA664E-1611-41BA-AD16-CC73D708FFAE}.Debug|x86.Build.0 = Debug|Any CPU
		{26DA664E-1611-41BA-AD16-CC73D708FFAE}.Release|Any CPU.ActiveCfg = Release|Any CPU
		{26DA664E-1611-41BA-AD16-CC73D708FFAE}.Release|Any CPU.Build.0 = Release|Any CPU
		{26DA664E-1611-41BA-AD16-CC73D708FFAE}.Release|x64.ActiveCfg = Release|Any CPU
		{26DA664E-1611-41BA-AD16-CC73D708FFAE}.Release|x64.Build.0 = Release|Any CPU
		{26DA664E-1611-41BA-AD16-CC73D708FFAE}.Release|x86.ActiveCfg = Release|Any CPU
		{26DA664E-1611-41BA-AD16-CC73D708FFAE}.Release|x86.Build.0 = Release|Any CPU
		{88F9841D-2FDA-435E-A4F6-DF72F4AA6606}.Debug|Any CPU.ActiveCfg = Debug|Any CPU
		{88F9841D-2FDA-435E-A4F6-DF72F4AA6606}.Debug|Any CPU.Build.0 = Debug|Any CPU
		{88F9841D-2FDA-435E-A4F6-DF72F4AA6606}.Debug|x64.ActiveCfg = Debug|Any CPU
		{88F9841D-2FDA-435E-A4F6-DF72F4AA6606}.Debug|x64.Build.0 = Debug|Any CPU
		{88F9841D-2FDA-435E-A4F6-DF72F4AA6606}.Debug|x86.ActiveCfg = Debug|Any CPU
		{88F9841D-2FDA-435E-A4F6-DF72F4AA6606}.Debug|x86.Build.0 = Debug|Any CPU
		{88F9841D-2FDA-435E-A4F6-DF72F4AA6606}.Release|Any CPU.ActiveCfg = Release|Any CPU
		{88F9841D-2FDA-435E-A4F6-DF72F4AA6606}.Release|Any CPU.Build.0 = Release|Any CPU
		{88F9841D-2FDA-435E-A4F6-DF72F4AA6606}.Release|x64.ActiveCfg = Release|Any CPU
		{88F9841D-2FDA-435E-A4F6-DF72F4AA6606}.Release|x64.Build.0 = Release|Any CPU
		{88F9841D-2FDA-435E-A4F6-DF72F4AA6606}.Release|x86.ActiveCfg = Release|Any CPU
		{88F9841D-2FDA-435E-A4F6-DF72F4AA6606}.Release|x86.Build.0 = Release|Any CPU
		{044C03A7-A16B-4518-82A5-DD58372A2012}.Debug|Any CPU.ActiveCfg = Debug|Any CPU
		{044C03A7-A16B-4518-82A5-DD58372A2012}.Debug|Any CPU.Build.0 = Debug|Any CPU
		{044C03A7-A16B-4518-82A5-DD58372A2012}.Debug|x64.ActiveCfg = Debug|Any CPU
		{044C03A7-A16B-4518-82A5-DD58372A2012}.Debug|x64.Build.0 = Debug|Any CPU
		{044C03A7-A16B-4518-82A5-DD58372A2012}.Debug|x86.ActiveCfg = Debug|Any CPU
		{044C03A7-A16B-4518-82A5-DD58372A2012}.Debug|x86.Build.0 = Debug|Any CPU
		{044C03A7-A16B-4518-82A5-DD58372A2012}.Release|Any CPU.ActiveCfg = Release|Any CPU
		{044C03A7-A16B-4518-82A5-DD58372A2012}.Release|Any CPU.Build.0 = Release|Any CPU
		{044C03A7-A16B-4518-82A5-DD58372A2012}.Release|x64.ActiveCfg = Release|Any CPU
		{044C03A7-A16B-4518-82A5-DD58372A2012}.Release|x64.Build.0 = Release|Any CPU
		{044C03A7-A16B-4518-82A5-DD58372A2012}.Release|x86.ActiveCfg = Release|Any CPU
		{044C03A7-A16B-4518-82A5-DD58372A2012}.Release|x86.Build.0 = Release|Any CPU
	EndGlobalSection
EndGlobal
